
Microsoft Visual Studio Solution File, Format Version 12.00
# Visual Studio Version 17
VisualStudioVersion = 17.7.34024.191
MinimumVisualStudioVersion = 10.0.40219.1
Project("{8BC9CEB8-8B4A-11D0-8D11-00A0C91BC942}") = "LibraryManager", "LibraryManager\LibraryManager.vcxproj", "{57162E9E-11F5-4D7F-950A-43AAE4916EE0}"
EndProject
Global
	GlobalSection(SolutionConfigurationPlatforms) = preSolution
		Debug|x64 = Debug|x64
		Debug|x86 = Debug|x86
		Release|x64 = Release|x64
		Release|x86 = Release|x86
	EndGlobalSection
	GlobalSection(ProjectConfigurationPlatforms) = postSolution
		{57162E9E-11F5-4D7F-950A-43AAE4916EE0}.Debug|x64.ActiveCfg = Debug|x64
		{57162E9E-11F5-4D7F-950A-43AAE4916EE0}.Debug|x64.Build.0 = Debug|x64
		{57162E9E-11F5-4D7F-950A-43AAE4916EE0}.Debug|x86.ActiveCfg = Debug|Win32
		{57162E9E-11F5-4D7F-950A-43AAE4916EE0}.Debug|x86.Build.0 = Debug|Win32
		{57162E9E-11F5-4D7F-950A-43AAE4916EE0}.Release|x64.ActiveCfg = Release|x64
		{57162E9E-11F5-4D7F-950A-43AAE4916EE0}.Release|x64.Build.0 = Release|x64
		{57162E9E-11F5-4D7F-950A-43AAE4916EE0}.Release|x86.ActiveCfg = Release|Win32
		{57162E9E-11F5-4D7F-950A-43AAE4916EE0}.Release|x86.Build.0 = Release|Win32
	EndGlobalSection
	GlobalSection(SolutionProperties) = preSolution
		HideSolutionNode = FALSE
	EndGlobalSection
	GlobalSection(ExtensibilityGlobals) = postSolution
		SolutionGuid = {A0F4187E-A5D0-417B-8E6E-51034E52ACD0}
	EndGlobalSection
EndGlobal
